{
  "nodes": {
    "brew-src": {
      "flake": false,
      "locked": {
        "lastModified": 1731323744,
        "narHash": "sha256-SxUQm4cTHcaoPQHoXe26ZV8cZiMWBGow8MjE4L+MckM=",
        "owner": "Homebrew",
        "repo": "brew",
        "rev": "254bf3fe9d8fa2e1b2fb55dbcf535b2d870180c4",
        "type": "github"
      },
      "original": {
        "owner": "Homebrew",
        "ref": "4.4.5",
        "repo": "brew",
        "type": "github"
      }
    },
    "darwin": {
      "inputs": {
        "nixpkgs": [
          "nixpkgs"
        ]
      },
      "locked": {
        "lastModified": 1736631212,
        "narHash": "sha256-mG9lRZBcPiAGiVJ9B97BJoIGQcSBWIVlBiN30QYCtG0=",
        "owner": "LnL7",
        "repo": "nix-darwin",
        "rev": "6ace2f2d12bdf74235d5cbf9fbd34a71c9716685",
        "type": "github"
      },
      "original": {
        "owner": "LnL7",
        "ref": "master",
        "repo": "nix-darwin",
        "type": "github"
      }
    },
    "home-manager": {
      "inputs": {
        "nixpkgs": [
          "nixpkgs"
        ]
      },
      "locked": {
        "lastModified": 1736781604,
        "narHash": "sha256-nIjcN89nxaI5ZnwU/1gzc3rBVQ/te5sHraYeG4cyJX4=",
        "owner": "nix-community",
        "repo": "home-manager",
        "rev": "9616d81f98032d1ee9bec68ab4b6a8c833add88c",
        "type": "github"
      },
      "original": {
        "owner": "nix-community",
        "repo": "home-manager",
        "type": "github"
      }
    },
    "homebrew-bundle": {
      "flake": false,
      "locked": {
        "lastModified": 1736552706,
        "narHash": "sha256-SBqNyjPdM5qfI85KaVPyR6N7M8cOdHX5Nsv4qrBUnLQ=",
        "owner": "homebrew",
        "repo": "homebrew-bundle",
        "rev": "60adb50c62a9b79db086339e095a3b6d649ee25d",
        "type": "github"
      },
      "original": {
        "owner": "homebrew",
        "repo": "homebrew-bundle",
        "type": "github"
      }
    },
    "homebrew-cask": {
      "flake": false,
      "locked": {
        "lastModified": 1736783370,
        "narHash": "sha256-61HRtptNUg2sb/o7aj6OkmJoO0QqUsjBavCuaWu3Nos=",
        "owner": "homebrew",
        "repo": "homebrew-cask",
        "rev": "1b38d1bd3a11060620affc3585d352b05e5a7a05",
        "type": "github"
      },
      "original": {
        "owner": "homebrew",
        "repo": "homebrew-cask",
        "type": "github"
      }
    },
    "homebrew-core": {
      "flake": false,
      "locked": {
        "lastModified": 1736781131,
        "narHash": "sha256-yOJ23zgJjBZlhffb6T/rRU8C3QpkXUhXlCdxgChdihM=",
        "owner": "homebrew",
        "repo": "homebrew-core",
        "rev": "837c370994539400f405d8c70dd7c8ed59e7c0b2",
        "type": "github"
      },
      "original": {
        "owner": "homebrew",
        "repo": "homebrew-core",
        "type": "github"
      }
    },
    "homebrew-garden": {
      "flake": false,
      "locked": {
        "lastModified": 1736429724,
        "narHash": "sha256-eL6znC2euLse2ms+Yj86PwMh6s6l2hRXShHFKzqAc/U=",
        "owner": "garden-io",
        "repo": "homebrew-garden",
        "rev": "acc28c13759524c2e36979cb16cfab73d03ab0cf",
        "type": "github"
      },
      "original": {
        "owner": "garden-io",
        "repo": "homebrew-garden",
        "type": "github"
      }
    },
    "kubelogin": {
      "flake": false,
      "locked": {
        "lastModified": 1736753367,
        "narHash": "sha256-VwQmryEH+9IKwJnCbLqENW8mJk1oUgSYJs0c0pwqECI=",
        "owner": "int128",
        "repo": "kubelogin",
        "rev": "0c160f9db26508209615ce0e52ce05e00a88fc81",
        "type": "github"
      },
      "original": {
        "owner": "int128",
        "repo": "kubelogin",
        "type": "github"
      }
    },
    "nix-homebrew": {
      "inputs": {
        "brew-src": "brew-src",
        "nix-darwin": [
          "darwin"
        ],
        "nixpkgs": [
          "nixpkgs"
        ]
      },
      "locked": {
        "lastModified": 1736041957,
        "narHash": "sha256-Kk/cVtkxwfHNoB6nINUarMLTtyAEvH+ohzxKBptMzzg=",
        "owner": "zhaofengli-wip",
        "repo": "nix-homebrew",
        "rev": "a6d99cc7436fc18c097b3536d9c45c0548c694c8",
        "type": "github"
      },
      "original": {
        "owner": "zhaofengli-wip",
        "repo": "nix-homebrew",
        "type": "github"
      }
    },
    "nixpkgs": {
      "locked": {
        "lastModified": 1736701207,
        "narHash": "sha256-jG/+MvjVY7SlTakzZ2fJ5dC3V1PrKKrUEOEE30jrOKA=",
        "owner": "nixos",
        "repo": "nixpkgs",
        "rev": "ed4a395ea001367c1f13d34b1e01aa10290f67d6",
        "type": "github"
      },
      "original": {
        "owner": "nixos",
        "ref": "nixos-unstable",
        "repo": "nixpkgs",
        "type": "github"
      }
    },
    "root": {
      "inputs": {
        "darwin": "darwin",
        "home-manager": "home-manager",
        "homebrew-bundle": "homebrew-bundle",
        "homebrew-cask": "homebrew-cask",
        "homebrew-core": "homebrew-core",
        "homebrew-garden": "homebrew-garden",
        "kubelogin": "kubelogin",
        "nix-homebrew": "nix-homebrew",
        "nixpkgs": "nixpkgs",
        "vim-tintin": "vim-tintin"
      }
    },
    "vim-tintin": {
      "flake": false,
      "locked": {
        "lastModified": 1647076473,
        "narHash": "sha256-radSlLf+CrxEJC17ZAtqjvUypZwkkpwvWdkzW5AKj9c=",
        "owner": "LokiChaos",
        "repo": "vim-tintin",
        "rev": "eded66917922e1244ee531d555a5fc8a7af06d44",
        "type": "github"
      },
      "original": {
        "owner": "LokiChaos",
        "repo": "vim-tintin",
        "type": "github"
      }
    }
  },
  "root": "root",
  "version": 7
}
