{
  "nodes": {
    "brew-src": {
      "flake": false,
      "locked": {
        "lastModified": 1731323744,
        "narHash": "sha256-SxUQm4cTHcaoPQHoXe26ZV8cZiMWBGow8MjE4L+MckM=",
        "owner": "Homebrew",
        "repo": "brew",
        "rev": "254bf3fe9d8fa2e1b2fb55dbcf535b2d870180c4",
        "type": "github"
      },
      "original": {
        "owner": "Homebrew",
        "ref": "4.4.5",
        "repo": "brew",
        "type": "github"
      }
    },
    "darwin": {
      "inputs": {
        "nixpkgs": [
          "nixpkgs"
        ]
      },
      "locked": {
        "lastModified": 1732016537,
        "narHash": "sha256-XwXUK+meYnlhdQz2TVE4Wv+tsx1CkdGbDPt1tRzCNH4=",
        "owner": "LnL7",
        "repo": "nix-darwin",
        "rev": "61cee20168a3ebb71a9efd70a55adebaadfbe4d4",
        "type": "github"
      },
      "original": {
        "owner": "LnL7",
        "ref": "master",
        "repo": "nix-darwin",
        "type": "github"
      }
    },
    "flake-utils": {
      "inputs": {
        "systems": "systems"
      },
      "locked": {
        "lastModified": 1710146030,
        "narHash": "sha256-SZ5L6eA7HJ/nmkzGG7/ISclqe6oZdOZTNoesiInkXPQ=",
        "owner": "numtide",
        "repo": "flake-utils",
        "rev": "b1d9ab70662946ef0850d488da1c9019f3a9752a",
        "type": "github"
      },
      "original": {
        "owner": "numtide",
        "repo": "flake-utils",
        "type": "github"
      }
    },
    "home-manager": {
      "inputs": {
        "nixpkgs": [
          "nixpkgs"
        ]
      },
      "locked": {
        "lastModified": 1732025103,
        "narHash": "sha256-qjEI64RKvDxRyEarY0jTzrZMa8ebezh2DEZmJJrpVdo=",
        "owner": "nix-community",
        "repo": "home-manager",
        "rev": "a46e702093a5c46e192243edbd977d5749e7f294",
        "type": "github"
      },
      "original": {
        "owner": "nix-community",
        "repo": "home-manager",
        "type": "github"
      }
    },
    "homebrew-bundle": {
      "flake": false,
      "locked": {
        "lastModified": 1732141145,
        "narHash": "sha256-AtXWguWd/I7QjPAmJQbzlmCr5RSfcifQHz44tqvR0i8=",
        "owner": "homebrew",
        "repo": "homebrew-bundle",
        "rev": "ffd64496166d710c4f0eaf220d5c18744ec1a4f6",
        "type": "github"
      },
      "original": {
        "owner": "homebrew",
        "repo": "homebrew-bundle",
        "type": "github"
      }
    },
    "homebrew-cask": {
      "flake": false,
      "locked": {
        "lastModified": 1732206053,
        "narHash": "sha256-itKJKlflD0GB7cmUpc8NQu15q64yAkcFN/p0NoGGPqU=",
        "owner": "homebrew",
        "repo": "homebrew-cask",
        "rev": "c39194d3327976794ffd1d4d087759dff03d0b30",
        "type": "github"
      },
      "original": {
        "owner": "homebrew",
        "repo": "homebrew-cask",
        "type": "github"
      }
    },
    "homebrew-core": {
      "flake": false,
      "locked": {
        "lastModified": 1732209636,
        "narHash": "sha256-u1C08/HWCNIekhD2r1yuUQpTZsfFNIvedGjnqdgnW6Y=",
        "owner": "homebrew",
        "repo": "homebrew-core",
        "rev": "912c948927a5ea40ac3dcb8077a4807e9fa00daa",
        "type": "github"
      },
      "original": {
        "owner": "homebrew",
        "repo": "homebrew-core",
        "type": "github"
      }
    },
    "homebrew-garden": {
      "flake": false,
      "locked": {
        "lastModified": 1732122420,
        "narHash": "sha256-u3d8tbEvCQFx/WpgzcM0bUcxAwHCgm9mGCkZY2+dCW4=",
        "owner": "garden-io",
        "repo": "homebrew-garden",
        "rev": "88c5cdd2796ddf9928f9b947914e16862ac43867",
        "type": "github"
      },
      "original": {
        "owner": "garden-io",
        "repo": "homebrew-garden",
        "type": "github"
      }
    },
    "kubelogin": {
      "flake": false,
      "locked": {
        "lastModified": 1732180150,
        "narHash": "sha256-lpZQx+bFzpTzybdOBbRT9SXg2xjRYglYNXOO7MTXJNA=",
        "owner": "int128",
        "repo": "kubelogin",
        "rev": "7f2bcb653eb4a2aa918b71a3da8b00d11b59ff80",
        "type": "github"
      },
      "original": {
        "owner": "int128",
        "repo": "kubelogin",
        "type": "github"
      }
    },
    "nix-homebrew": {
      "inputs": {
        "brew-src": "brew-src",
        "flake-utils": "flake-utils",
        "nix-darwin": [
          "darwin"
        ],
        "nixpkgs": [
          "nixpkgs"
        ]
      },
      "locked": {
        "lastModified": 1732145543,
        "narHash": "sha256-VRQh/lvCSko9YV7haXyPt7DSp+EkgjjBv/9U4cY9c50=",
        "owner": "zhaofengli-wip",
        "repo": "nix-homebrew",
        "rev": "ac3945ee614f69ab89c6935b3f0567028de5f012",
        "type": "github"
      },
      "original": {
        "owner": "zhaofengli-wip",
        "repo": "nix-homebrew",
        "type": "github"
      }
    },
    "nixpkgs": {
      "locked": {
        "lastModified": 1732014248,
        "narHash": "sha256-y/MEyuJ5oBWrWAic/14LaIr/u5E0wRVzyYsouYY3W6w=",
        "owner": "nixos",
        "repo": "nixpkgs",
        "rev": "23e89b7da85c3640bbc2173fe04f4bd114342367",
        "type": "github"
      },
      "original": {
        "owner": "nixos",
        "ref": "nixos-unstable",
        "repo": "nixpkgs",
        "type": "github"
      }
    },
    "root": {
      "inputs": {
        "darwin": "darwin",
        "home-manager": "home-manager",
        "homebrew-bundle": "homebrew-bundle",
        "homebrew-cask": "homebrew-cask",
        "homebrew-core": "homebrew-core",
        "homebrew-garden": "homebrew-garden",
        "kubelogin": "kubelogin",
        "nix-homebrew": "nix-homebrew",
        "nixpkgs": "nixpkgs",
        "vim-tintin": "vim-tintin"
      }
    },
    "systems": {
      "locked": {
        "lastModified": 1681028828,
        "narHash": "sha256-Vy1rq5AaRuLzOxct8nz4T6wlgyUR7zLU309k9mBC768=",
        "owner": "nix-systems",
        "repo": "default",
        "rev": "da67096a3b9bf56a91d16901293e51ba5b49a27e",
        "type": "github"
      },
      "original": {
        "owner": "nix-systems",
        "repo": "default",
        "type": "github"
      }
    },
    "vim-tintin": {
      "flake": false,
      "locked": {
        "lastModified": 1647076473,
        "narHash": "sha256-radSlLf+CrxEJC17ZAtqjvUypZwkkpwvWdkzW5AKj9c=",
        "owner": "LokiChaos",
        "repo": "vim-tintin",
        "rev": "eded66917922e1244ee531d555a5fc8a7af06d44",
        "type": "github"
      },
      "original": {
        "owner": "LokiChaos",
        "repo": "vim-tintin",
        "type": "github"
      }
    }
  },
  "root": "root",
  "version": 7
}
